{
  "version": 4,
  "terraform_version": "1.9.5",
  "serial": 128,
  "lineage": "6da5131f-56b4-382c-ff4a-3db3c04cbd86",
  "outputs": {},
  "resources": [
    {
      "module": "module.resources",
      "mode": "managed",
      "type": "aws_eip",
      "name": "elastic-ip-vm-publica",
      "provider": "provider[\"registry.terraform.io/hashicorp/aws\"]",
      "instances": [
        {
          "schema_version": 0,
          "attributes": {
            "address": null,
            "allocation_id": "eipalloc-06d8935089e54e58b",
            "arn": "arn:aws:ec2:us-east-1:095522516796:elastic-ip/eipalloc-06d8935089e54e58b",
            "associate_with_private_ip": null,
            "association_id": "eipassoc-006a69860c1733dba",
            "carrier_ip": "",
            "customer_owned_ip": "",
            "customer_owned_ipv4_pool": "",
            "domain": "vpc",
            "id": "eipalloc-06d8935089e54e58b",
            "instance": "i-069c590b9d56d9cd1",
            "network_border_group": "us-east-1",
            "network_interface": "eni-0ea7e48351b9cd8bc",
            "private_dns": "ip-10-0-0-52.ec2.internal",
            "private_ip": "10.0.0.52",
            "ptr_record": "",
            "public_dns": "ec2-35-169-168-5.compute-1.amazonaws.com",
            "public_ip": "35.169.168.5",
            "public_ipv4_pool": "amazon",
            "tags": null,
            "tags_all": {},
            "timeouts": null,
            "vpc": true
          },
          "sensitive_attributes": [],
          "private": "eyJlMmJmYjczMC1lY2FhLTExZTYtOGY4OC0zNDM2M2JjN2M0YzAiOnsiZGVsZXRlIjoxODAwMDAwMDAwMDAsInJlYWQiOjkwMDAwMDAwMDAwMCwidXBkYXRlIjozMDAwMDAwMDAwMDB9fQ==",
          "dependencies": [
            "module.resources.aws_instance.VM_publica",
            "module.resources.aws_security_group.Ec2-publica",
            "module.resources.aws_subnet.sub_net_publica",
            "module.resources.aws_vpc.gourmet-vpc"
          ]
        }
      ]
    },
    {
      "module": "module.resources",
      "mode": "managed",
      "type": "aws_instance",
      "name": "VM_privada",
      "provider": "provider[\"registry.terraform.io/hashicorp/aws\"]",
      "instances": [
        {
          "schema_version": 1,
          "attributes": {
            "ami": "ami-06640050dc3f556bb",
            "arn": "arn:aws:ec2:us-east-1:095522516796:instance/i-008e9eba76c1ceefb",
            "associate_public_ip_address": false,
            "availability_zone": "us-east-1a",
            "capacity_reservation_specification": [
              {
                "capacity_reservation_preference": "open",
                "capacity_reservation_target": []
              }
            ],
            "cpu_core_count": 1,
            "cpu_options": [
              {
                "amd_sev_snp": "",
                "core_count": 1,
                "threads_per_core": 1
              }
            ],
            "cpu_threads_per_core": 1,
            "credit_specification": [],
            "disable_api_stop": false,
            "disable_api_termination": false,
            "ebs_block_device": [],
            "ebs_optimized": false,
            "enclave_options": [
              {
                "enabled": false
              }
            ],
            "ephemeral_block_device": [],
            "get_password_data": false,
            "hibernation": false,
            "host_id": "",
            "host_resource_group_arn": null,
            "iam_instance_profile": "",
            "id": "i-008e9eba76c1ceefb",
            "instance_initiated_shutdown_behavior": "stop",
            "instance_lifecycle": "",
            "instance_market_options": [],
            "instance_state": "running",
            "instance_type": "t1.micro",
            "ipv6_address_count": 0,
            "ipv6_addresses": [],
            "key_name": "",
            "launch_template": [],
            "maintenance_options": [
              {
                "auto_recovery": "default"
              }
            ],
            "metadata_options": [
              {
                "http_endpoint": "enabled",
                "http_protocol_ipv6": "disabled",
                "http_put_response_hop_limit": 1,
                "http_tokens": "optional",
                "instance_metadata_tags": "disabled"
              }
            ],
            "monitoring": false,
            "network_interface": [],
            "outpost_arn": "",
            "password_data": "",
            "placement_group": "",
            "placement_partition_number": 0,
            "primary_network_interface_id": "eni-04488a1523c30a8ed",
            "private_dns": "ip-10-0-0-229.ec2.internal",
            "private_dns_name_options": [
              {
                "enable_resource_name_dns_a_record": false,
                "enable_resource_name_dns_aaaa_record": false,
                "hostname_type": "ip-name"
              }
            ],
            "private_ip": "10.0.0.229",
            "public_dns": "",
            "public_ip": "",
            "root_block_device": [
              {
                "delete_on_termination": true,
                "device_name": "/dev/sda1",
                "encrypted": false,
                "iops": 100,
                "kms_key_id": "",
                "tags": {},
                "tags_all": {},
                "throughput": 0,
                "volume_id": "vol-06acb1419e4839ded",
                "volume_size": 10,
                "volume_type": "gp2"
              }
            ],
            "secondary_private_ips": [],
            "security_groups": [
              "sg-0958da7315828734f"
            ],
            "source_dest_check": true,
            "spot_instance_request_id": "",
            "subnet_id": "subnet-0c615c892a6ced326",
            "tags": {
              "name": "ubuntu-ec2"
            },
            "tags_all": {
              "name": "ubuntu-ec2"
            },
            "tenancy": "default",
            "timeouts": null,
            "user_data": null,
            "user_data_base64": null,
            "user_data_replace_on_change": false,
            "volume_tags": null,
            "vpc_security_group_ids": [
              "sg-0958da7315828734f"
            ]
          },
          "sensitive_attributes": [],
          "private": "eyJlMmJmYjczMC1lY2FhLTExZTYtOGY4OC0zNDM2M2JjN2M0YzAiOnsiY3JlYXRlIjo2MDAwMDAwMDAwMDAsImRlbGV0ZSI6MTIwMDAwMDAwMDAwMCwicmVhZCI6OTAwMDAwMDAwMDAwLCJ1cGRhdGUiOjYwMDAwMDAwMDAwMH0sInNjaGVtYV92ZXJzaW9uIjoiMSJ9",
          "dependencies": [
            "module.resources.aws_security_group.Ec2-privada",
            "module.resources.aws_subnet.sub_net_privada",
            "module.resources.aws_vpc.gourmet-vpc"
          ]
        }
      ]
    },
    {
      "module": "module.resources",
      "mode": "managed",
      "type": "aws_instance",
      "name": "VM_publica",
      "provider": "provider[\"registry.terraform.io/hashicorp/aws\"]",
      "instances": [
        {
          "schema_version": 1,
          "attributes": {
            "ami": "ami-06640050dc3f556bb",
            "arn": "arn:aws:ec2:us-east-1:095522516796:instance/i-069c590b9d56d9cd1",
            "associate_public_ip_address": true,
            "availability_zone": "us-east-1a",
            "capacity_reservation_specification": [
              {
                "capacity_reservation_preference": "open",
                "capacity_reservation_target": []
              }
            ],
            "cpu_core_count": 1,
            "cpu_options": [
              {
                "amd_sev_snp": "",
                "core_count": 1,
                "threads_per_core": 1
              }
            ],
            "cpu_threads_per_core": 1,
            "credit_specification": [],
            "disable_api_stop": false,
            "disable_api_termination": false,
            "ebs_block_device": [],
            "ebs_optimized": false,
            "enclave_options": [
              {
                "enabled": false
              }
            ],
            "ephemeral_block_device": [],
            "get_password_data": false,
            "hibernation": false,
            "host_id": "",
            "host_resource_group_arn": null,
            "iam_instance_profile": "",
            "id": "i-069c590b9d56d9cd1",
            "instance_initiated_shutdown_behavior": "stop",
            "instance_lifecycle": "",
            "instance_market_options": [],
            "instance_state": "running",
            "instance_type": "t1.micro",
            "ipv6_address_count": 0,
            "ipv6_addresses": [],
            "key_name": "",
            "launch_template": [],
            "maintenance_options": [
              {
                "auto_recovery": "default"
              }
            ],
            "metadata_options": [
              {
                "http_endpoint": "enabled",
                "http_protocol_ipv6": "disabled",
                "http_put_response_hop_limit": 1,
                "http_tokens": "optional",
                "instance_metadata_tags": "disabled"
              }
            ],
            "monitoring": false,
            "network_interface": [],
            "outpost_arn": "",
            "password_data": "",
            "placement_group": "",
            "placement_partition_number": 0,
            "primary_network_interface_id": "eni-0ea7e48351b9cd8bc",
            "private_dns": "ip-10-0-0-52.ec2.internal",
            "private_dns_name_options": [
              {
                "enable_resource_name_dns_a_record": false,
                "enable_resource_name_dns_aaaa_record": false,
                "hostname_type": "ip-name"
              }
            ],
            "private_ip": "10.0.0.52",
            "public_dns": "",
            "public_ip": "3.231.26.194",
            "root_block_device": [
              {
                "delete_on_termination": true,
                "device_name": "/dev/sda1",
                "encrypted": false,
                "iops": 100,
                "kms_key_id": "",
                "tags": {},
                "tags_all": {},
                "throughput": 0,
                "volume_id": "vol-0f13c42ebba963fbc",
                "volume_size": 10,
                "volume_type": "gp2"
              }
            ],
            "secondary_private_ips": [],
            "security_groups": [
              "sg-05b39474660629d9c"
            ],
            "source_dest_check": true,
            "spot_instance_request_id": "",
            "subnet_id": "subnet-04d28abcf9699beca",
            "tags": {
              "name": "ubuntu-ec2"
            },
            "tags_all": {
              "name": "ubuntu-ec2"
            },
            "tenancy": "default",
            "timeouts": null,
            "user_data": null,
            "user_data_base64": null,
            "user_data_replace_on_change": false,
            "volume_tags": null,
            "vpc_security_group_ids": [
              "sg-05b39474660629d9c"
            ]
          },
          "sensitive_attributes": [],
          "private": "eyJlMmJmYjczMC1lY2FhLTExZTYtOGY4OC0zNDM2M2JjN2M0YzAiOnsiY3JlYXRlIjo2MDAwMDAwMDAwMDAsImRlbGV0ZSI6MTIwMDAwMDAwMDAwMCwicmVhZCI6OTAwMDAwMDAwMDAwLCJ1cGRhdGUiOjYwMDAwMDAwMDAwMH0sInNjaGVtYV92ZXJzaW9uIjoiMSJ9",
          "dependencies": [
            "module.resources.aws_security_group.Ec2-publica",
            "module.resources.aws_subnet.sub_net_publica",
            "module.resources.aws_vpc.gourmet-vpc"
          ]
        }
      ]
    },
    {
      "module": "module.resources",
      "mode": "managed",
      "type": "aws_internet_gateway",
      "name": "internetGateway-gourmet",
      "provider": "provider[\"registry.terraform.io/hashicorp/aws\"]",
      "instances": [
        {
          "schema_version": 0,
          "attributes": {
            "arn": "arn:aws:ec2:us-east-1:095522516796:internet-gateway/igw-00711184780fb76e0",
            "id": "igw-00711184780fb76e0",
            "owner_id": "095522516796",
            "tags": {
              "name": "gourmetnternet-gateway"
            },
            "tags_all": {
              "name": "gourmetnternet-gateway"
            },
            "timeouts": null,
            "vpc_id": "vpc-0ea713a52aab15994"
          },
          "sensitive_attributes": [],
          "private": "eyJlMmJmYjczMC1lY2FhLTExZTYtOGY4OC0zNDM2M2JjN2M0YzAiOnsiY3JlYXRlIjoxMjAwMDAwMDAwMDAwLCJkZWxldGUiOjEyMDAwMDAwMDAwMDAsInVwZGF0ZSI6MTIwMDAwMDAwMDAwMH19",
          "dependencies": [
            "module.resources.aws_vpc.gourmet-vpc"
          ]
        }
      ]
    },
    {
      "module": "module.resources",
      "mode": "managed",
      "type": "aws_network_acl",
      "name": "aclPrivada",
      "provider": "provider[\"registry.terraform.io/hashicorp/aws\"]",
      "instances": [
        {
          "schema_version": 0,
          "attributes": {
            "arn": "arn:aws:ec2:us-east-1:095522516796:network-acl/acl-0ed0dd538e20c5a2e",
            "egress": [],
            "id": "acl-0ed0dd538e20c5a2e",
            "ingress": [
              {
                "action": "allow",
                "cidr_block": "10.0.0.0/25",
                "from_port": 22,
                "icmp_code": 0,
                "icmp_type": 0,
                "ipv6_cidr_block": "",
                "protocol": "6",
                "rule_no": 100,
                "to_port": 22
              },
              {
                "action": "allow",
                "cidr_block": "10.0.0.0/25",
                "from_port": 443,
                "icmp_code": 0,
                "icmp_type": 0,
                "ipv6_cidr_block": "",
                "protocol": "6",
                "rule_no": 102,
                "to_port": 443
              },
              {
                "action": "allow",
                "cidr_block": "10.0.0.0/25",
                "from_port": 80,
                "icmp_code": 0,
                "icmp_type": 0,
                "ipv6_cidr_block": "",
                "protocol": "6",
                "rule_no": 101,
                "to_port": 80
              }
            ],
            "owner_id": "095522516796",
            "subnet_ids": [
              "subnet-0c615c892a6ced326"
            ],
            "tags": {},
            "tags_all": {},
            "vpc_id": "vpc-0ea713a52aab15994"
          },
          "sensitive_attributes": [],
          "private": "bnVsbA==",
          "dependencies": [
            "module.resources.aws_vpc.gourmet-vpc"
          ]
        }
      ]
    },
    {
      "module": "module.resources",
      "mode": "managed",
      "type": "aws_network_acl",
      "name": "aclPublica",
      "provider": "provider[\"registry.terraform.io/hashicorp/aws\"]",
      "instances": [
        {
          "schema_version": 0,
          "attributes": {
            "arn": "arn:aws:ec2:us-east-1:095522516796:network-acl/acl-087adb00fcc33057e",
            "egress": [],
            "id": "acl-087adb00fcc33057e",
            "ingress": [
              {
                "action": "allow",
                "cidr_block": "0.0.0.0/25",
                "from_port": 22,
                "icmp_code": 0,
                "icmp_type": 0,
                "ipv6_cidr_block": "",
                "protocol": "6",
                "rule_no": 103,
                "to_port": 22
              },
              {
                "action": "allow",
                "cidr_block": "0.0.0.0/25",
                "from_port": 443,
                "icmp_code": 0,
                "icmp_type": 0,
                "ipv6_cidr_block": "",
                "protocol": "6",
                "rule_no": 105,
                "to_port": 443
              },
              {
                "action": "allow",
                "cidr_block": "0.0.0.0/25",
                "from_port": 80,
                "icmp_code": 0,
                "icmp_type": 0,
                "ipv6_cidr_block": "",
                "protocol": "6",
                "rule_no": 104,
                "to_port": 80
              }
            ],
            "owner_id": "095522516796",
            "subnet_ids": [
              "subnet-04d28abcf9699beca"
            ],
            "tags": {},
            "tags_all": {},
            "vpc_id": "vpc-0ea713a52aab15994"
          },
          "sensitive_attributes": [],
          "private": "bnVsbA==",
          "dependencies": [
            "module.resources.aws_vpc.gourmet-vpc"
          ]
        }
      ]
    },
    {
      "module": "module.resources",
      "mode": "managed",
      "type": "aws_network_acl_association",
      "name": "associateAclPrivada",
      "provider": "provider[\"registry.terraform.io/hashicorp/aws\"]",
      "instances": [
        {
          "schema_version": 0,
          "attributes": {
            "id": "aclassoc-00860c204270d70bd",
            "network_acl_id": "acl-0ed0dd538e20c5a2e",
            "subnet_id": "subnet-0c615c892a6ced326"
          },
          "sensitive_attributes": [],
          "private": "bnVsbA==",
          "dependencies": [
            "module.resources.aws_network_acl.aclPrivada",
            "module.resources.aws_subnet.sub_net_privada",
            "module.resources.aws_vpc.gourmet-vpc"
          ]
        }
      ]
    },
    {
      "module": "module.resources",
      "mode": "managed",
      "type": "aws_network_acl_association",
      "name": "associateAclPublica",
      "provider": "provider[\"registry.terraform.io/hashicorp/aws\"]",
      "instances": [
        {
          "schema_version": 0,
          "attributes": {
            "id": "aclassoc-009b3c94165f0d638",
            "network_acl_id": "acl-087adb00fcc33057e",
            "subnet_id": "subnet-04d28abcf9699beca"
          },
          "sensitive_attributes": [],
          "private": "bnVsbA==",
          "dependencies": [
            "module.resources.aws_network_acl.aclPublica",
            "module.resources.aws_subnet.sub_net_publica",
            "module.resources.aws_vpc.gourmet-vpc"
          ]
        }
      ]
    },
    {
      "module": "module.resources",
      "mode": "managed",
      "type": "aws_network_acl_rule",
      "name": "aclPrivadaRule1",
      "provider": "provider[\"registry.terraform.io/hashicorp/aws\"]",
      "instances": [
        {
          "schema_version": 0,
          "attributes": {
            "cidr_block": "10.0.0.0/25",
            "egress": false,
            "from_port": 22,
            "icmp_code": null,
            "icmp_type": null,
            "id": "nacl-1826312655",
            "ipv6_cidr_block": "",
            "network_acl_id": "acl-0ed0dd538e20c5a2e",
            "protocol": "6",
            "rule_action": "allow",
            "rule_number": 100,
            "to_port": 22
          },
          "sensitive_attributes": [],
          "private": "bnVsbA==",
          "dependencies": [
            "module.resources.aws_network_acl.aclPrivada",
            "module.resources.aws_vpc.gourmet-vpc"
          ]
        }
      ]
    },
    {
      "module": "module.resources",
      "mode": "managed",
      "type": "aws_network_acl_rule",
      "name": "aclPrivadaRule2",
      "provider": "provider[\"registry.terraform.io/hashicorp/aws\"]",
      "instances": [
        {
          "schema_version": 0,
          "attributes": {
            "cidr_block": "10.0.0.0/25",
            "egress": false,
            "from_port": 80,
            "icmp_code": null,
            "icmp_type": null,
            "id": "nacl-4152237472",
            "ipv6_cidr_block": "",
            "network_acl_id": "acl-0ed0dd538e20c5a2e",
            "protocol": "6",
            "rule_action": "allow",
            "rule_number": 101,
            "to_port": 80
          },
          "sensitive_attributes": [],
          "private": "bnVsbA==",
          "dependencies": [
            "module.resources.aws_network_acl.aclPrivada",
            "module.resources.aws_vpc.gourmet-vpc"
          ]
        }
      ]
    },
    {
      "module": "module.resources",
      "mode": "managed",
      "type": "aws_network_acl_rule",
      "name": "aclPrivadaRule3",
      "provider": "provider[\"registry.terraform.io/hashicorp/aws\"]",
      "instances": [
        {
          "schema_version": 0,
          "attributes": {
            "cidr_block": "10.0.0.0/25",
            "egress": false,
            "from_port": 443,
            "icmp_code": null,
            "icmp_type": null,
            "id": "nacl-2162216784",
            "ipv6_cidr_block": "",
            "network_acl_id": "acl-0ed0dd538e20c5a2e",
            "protocol": "6",
            "rule_action": "allow",
            "rule_number": 102,
            "to_port": 443
          },
          "sensitive_attributes": [],
          "private": "bnVsbA==",
          "dependencies": [
            "module.resources.aws_network_acl.aclPrivada",
            "module.resources.aws_vpc.gourmet-vpc"
          ]
        }
      ]
    },
    {
      "module": "module.resources",
      "mode": "managed",
      "type": "aws_network_acl_rule",
      "name": "aclPublicaRule1",
      "provider": "provider[\"registry.terraform.io/hashicorp/aws\"]",
      "instances": [
        {
          "schema_version": 0,
          "attributes": {
            "cidr_block": "0.0.0.0/25",
            "egress": false,
            "from_port": 22,
            "icmp_code": null,
            "icmp_type": null,
            "id": "nacl-452321866",
            "ipv6_cidr_block": "",
            "network_acl_id": "acl-087adb00fcc33057e",
            "protocol": "6",
            "rule_action": "allow",
            "rule_number": 103,
            "to_port": 22
          },
          "sensitive_attributes": [],
          "private": "bnVsbA==",
          "dependencies": [
            "module.resources.aws_network_acl.aclPublica",
            "module.resources.aws_vpc.gourmet-vpc"
          ]
        }
      ]
    },
    {
      "module": "module.resources",
      "mode": "managed",
      "type": "aws_network_acl_rule",
      "name": "aclPublicaRule2",
      "provider": "provider[\"registry.terraform.io/hashicorp/aws\"]",
      "instances": [
        {
          "schema_version": 0,
          "attributes": {
            "cidr_block": "0.0.0.0/25",
            "egress": false,
            "from_port": 80,
            "icmp_code": null,
            "icmp_type": null,
            "id": "nacl-1852640197",
            "ipv6_cidr_block": "",
            "network_acl_id": "acl-087adb00fcc33057e",
            "protocol": "6",
            "rule_action": "allow",
            "rule_number": 104,
            "to_port": 80
          },
          "sensitive_attributes": [],
          "private": "bnVsbA==",
          "dependencies": [
            "module.resources.aws_network_acl.aclPublica",
            "module.resources.aws_vpc.gourmet-vpc"
          ]
        }
      ]
    },
    {
      "module": "module.resources",
      "mode": "managed",
      "type": "aws_network_acl_rule",
      "name": "aclPublicaRule3",
      "provider": "provider[\"registry.terraform.io/hashicorp/aws\"]",
      "instances": [
        {
          "schema_version": 0,
          "attributes": {
            "cidr_block": "0.0.0.0/25",
            "egress": false,
            "from_port": 443,
            "icmp_code": null,
            "icmp_type": null,
            "id": "nacl-4123543466",
            "ipv6_cidr_block": "",
            "network_acl_id": "acl-087adb00fcc33057e",
            "protocol": "6",
            "rule_action": "allow",
            "rule_number": 105,
            "to_port": 443
          },
          "sensitive_attributes": [],
          "private": "bnVsbA==",
          "dependencies": [
            "module.resources.aws_network_acl.aclPublica",
            "module.resources.aws_vpc.gourmet-vpc"
          ]
        }
      ]
    },
    {
      "module": "module.resources",
      "mode": "managed",
      "type": "aws_route_table",
      "name": "RouteTablePrivada",
      "provider": "provider[\"registry.terraform.io/hashicorp/aws\"]",
      "instances": [
        {
          "status": "tainted",
          "schema_version": 0,
          "attributes": {
            "arn": null,
            "id": "rtb-0c33c33c37da3b759",
            "owner_id": null,
            "propagating_vgws": [],
            "route": [
              {
                "carrier_gateway_id": "",
                "cidr_block": "0.0.0.0/0",
                "core_network_arn": "",
                "destination_prefix_list_id": "",
                "egress_only_gateway_id": "",
                "gateway_id": "",
                "ipv6_cidr_block": "",
                "local_gateway_id": "",
                "nat_gateway_id": "",
                "network_interface_id": "",
                "transit_gateway_id": "",
                "vpc_endpoint_id": "",
                "vpc_peering_connection_id": ""
              }
            ],
            "tags": null,
            "tags_all": null,
            "timeouts": null,
            "vpc_id": "vpc-0ea713a52aab15994"
          },
          "sensitive_attributes": [],
          "private": "eyJlMmJmYjczMC1lY2FhLTExZTYtOGY4OC0zNDM2M2JjN2M0YzAiOnsiY3JlYXRlIjozMDAwMDAwMDAwMDAsImRlbGV0ZSI6MzAwMDAwMDAwMDAwLCJ1cGRhdGUiOjEyMDAwMDAwMDAwMH19",
          "dependencies": [
            "module.resources.aws_vpc.gourmet-vpc"
          ]
        }
      ]
    },
    {
      "module": "module.resources",
      "mode": "managed",
      "type": "aws_route_table",
      "name": "RouteTablePublica",
      "provider": "provider[\"registry.terraform.io/hashicorp/aws\"]",
      "instances": [
        {
          "status": "tainted",
          "schema_version": 0,
          "attributes": {
            "arn": null,
            "id": "rtb-03d70eaae750da880",
            "owner_id": null,
            "propagating_vgws": [],
            "route": [
              {
                "carrier_gateway_id": "",
                "cidr_block": "0.0.0.0/0",
                "core_network_arn": "",
                "destination_prefix_list_id": "",
                "egress_only_gateway_id": "",
                "gateway_id": "",
                "ipv6_cidr_block": "",
                "local_gateway_id": "",
                "nat_gateway_id": "",
                "network_interface_id": "",
                "transit_gateway_id": "",
                "vpc_endpoint_id": "",
                "vpc_peering_connection_id": ""
              }
            ],
            "tags": null,
            "tags_all": null,
            "timeouts": null,
            "vpc_id": "vpc-0ea713a52aab15994"
          },
          "sensitive_attributes": [],
          "private": "eyJlMmJmYjczMC1lY2FhLTExZTYtOGY4OC0zNDM2M2JjN2M0YzAiOnsiY3JlYXRlIjozMDAwMDAwMDAwMDAsImRlbGV0ZSI6MzAwMDAwMDAwMDAwLCJ1cGRhdGUiOjEyMDAwMDAwMDAwMH19",
          "dependencies": [
            "module.resources.aws_vpc.gourmet-vpc"
          ]
        }
      ]
    },
    {
      "module": "module.resources",
      "mode": "managed",
      "type": "aws_security_group",
      "name": "Ec2-privada",
      "provider": "provider[\"registry.terraform.io/hashicorp/aws\"]",
      "instances": [
        {
          "schema_version": 1,
          "attributes": {
            "arn": "arn:aws:ec2:us-east-1:095522516796:security-group/sg-0958da7315828734f",
            "description": "Allow SSH and HTTP connection from public subnet in us-east-2a",
            "egress": [],
            "id": "sg-0958da7315828734f",
            "ingress": [
              {
                "cidr_blocks": [
                  "10.0.0.0/25"
                ],
                "description": "",
                "from_port": 22,
                "ipv6_cidr_blocks": [],
                "prefix_list_ids": [],
                "protocol": "tcp",
                "security_groups": [],
                "self": false,
                "to_port": 22
              },
              {
                "cidr_blocks": [
                  "10.0.0.0/25"
                ],
                "description": "",
                "from_port": 80,
                "ipv6_cidr_blocks": [],
                "prefix_list_ids": [],
                "protocol": "tcp",
                "security_groups": [],
                "self": false,
                "to_port": 80
              }
            ],
            "name": "Ec2-privada",
            "name_prefix": "",
            "owner_id": "095522516796",
            "revoke_rules_on_delete": false,
            "tags": {},
            "tags_all": {},
            "timeouts": null,
            "vpc_id": "vpc-0ea713a52aab15994"
          },
          "sensitive_attributes": [],
          "private": "eyJlMmJmYjczMC1lY2FhLTExZTYtOGY4OC0zNDM2M2JjN2M0YzAiOnsiY3JlYXRlIjo2MDAwMDAwMDAwMDAsImRlbGV0ZSI6OTAwMDAwMDAwMDAwfSwic2NoZW1hX3ZlcnNpb24iOiIxIn0=",
          "dependencies": [
            "module.resources.aws_vpc.gourmet-vpc"
          ]
        }
      ]
    },
    {
      "module": "module.resources",
      "mode": "managed",
      "type": "aws_security_group",
      "name": "Ec2-publica",
      "provider": "provider[\"registry.terraform.io/hashicorp/aws\"]",
      "instances": [
        {
          "schema_version": 1,
          "attributes": {
            "arn": "arn:aws:ec2:us-east-1:095522516796:security-group/sg-05b39474660629d9c",
            "description": "Allow SSH and HTTP connection from public subnet in us-east-1a",
            "egress": [],
            "id": "sg-05b39474660629d9c",
            "ingress": [
              {
                "cidr_blocks": [
                  "0.0.0.0/0"
                ],
                "description": "",
                "from_port": 22,
                "ipv6_cidr_blocks": [],
                "prefix_list_ids": [],
                "protocol": "tcp",
                "security_groups": [],
                "self": false,
                "to_port": 22
              },
              {
                "cidr_blocks": [
                  "0.0.0.0/0"
                ],
                "description": "",
                "from_port": 80,
                "ipv6_cidr_blocks": [],
                "prefix_list_ids": [],
                "protocol": "tcp",
                "security_groups": [],
                "self": false,
                "to_port": 80
              }
            ],
            "name": "Ec2-publica",
            "name_prefix": "",
            "owner_id": "095522516796",
            "revoke_rules_on_delete": false,
            "tags": {},
            "tags_all": {},
            "timeouts": null,
            "vpc_id": "vpc-0ea713a52aab15994"
          },
          "sensitive_attributes": [],
          "private": "eyJlMmJmYjczMC1lY2FhLTExZTYtOGY4OC0zNDM2M2JjN2M0YzAiOnsiY3JlYXRlIjo2MDAwMDAwMDAwMDAsImRlbGV0ZSI6OTAwMDAwMDAwMDAwfSwic2NoZW1hX3ZlcnNpb24iOiIxIn0=",
          "dependencies": [
            "module.resources.aws_vpc.gourmet-vpc"
          ]
        }
      ]
    },
    {
      "module": "module.resources",
      "mode": "managed",
      "type": "aws_subnet",
      "name": "sub_net_privada",
      "provider": "provider[\"registry.terraform.io/hashicorp/aws\"]",
      "instances": [
        {
          "schema_version": 1,
          "attributes": {
            "arn": "arn:aws:ec2:us-east-1:095522516796:subnet/subnet-0c615c892a6ced326",
            "assign_ipv6_address_on_creation": false,
            "availability_zone": "us-east-1a",
            "availability_zone_id": "use1-az1",
            "cidr_block": "10.0.0.128/25",
            "customer_owned_ipv4_pool": "",
            "enable_dns64": false,
            "enable_lni_at_device_index": 0,
            "enable_resource_name_dns_a_record_on_launch": false,
            "enable_resource_name_dns_aaaa_record_on_launch": false,
            "id": "subnet-0c615c892a6ced326",
            "ipv6_cidr_block": "",
            "ipv6_cidr_block_association_id": "",
            "ipv6_native": false,
            "map_customer_owned_ip_on_launch": false,
            "map_public_ip_on_launch": false,
            "outpost_arn": "",
            "owner_id": "095522516796",
            "private_dns_hostname_type_on_launch": "ip-name",
            "tags": {},
            "tags_all": {},
            "timeouts": null,
            "vpc_id": "vpc-0ea713a52aab15994"
          },
          "sensitive_attributes": [],
          "private": "eyJlMmJmYjczMC1lY2FhLTExZTYtOGY4OC0zNDM2M2JjN2M0YzAiOnsiY3JlYXRlIjo2MDAwMDAwMDAwMDAsImRlbGV0ZSI6MTIwMDAwMDAwMDAwMH0sInNjaGVtYV92ZXJzaW9uIjoiMSJ9",
          "dependencies": [
            "module.resources.aws_vpc.gourmet-vpc"
          ]
        }
      ]
    },
    {
      "module": "module.resources",
      "mode": "managed",
      "type": "aws_subnet",
      "name": "sub_net_publica",
      "provider": "provider[\"registry.terraform.io/hashicorp/aws\"]",
      "instances": [
        {
          "schema_version": 1,
          "attributes": {
            "arn": "arn:aws:ec2:us-east-1:095522516796:subnet/subnet-04d28abcf9699beca",
            "assign_ipv6_address_on_creation": false,
            "availability_zone": "us-east-1a",
            "availability_zone_id": "use1-az1",
            "cidr_block": "10.0.0.0/25",
            "customer_owned_ipv4_pool": "",
            "enable_dns64": false,
            "enable_lni_at_device_index": 0,
            "enable_resource_name_dns_a_record_on_launch": false,
            "enable_resource_name_dns_aaaa_record_on_launch": false,
            "id": "subnet-04d28abcf9699beca",
            "ipv6_cidr_block": "",
            "ipv6_cidr_block_association_id": "",
            "ipv6_native": false,
            "map_customer_owned_ip_on_launch": false,
            "map_public_ip_on_launch": false,
            "outpost_arn": "",
            "owner_id": "095522516796",
            "private_dns_hostname_type_on_launch": "ip-name",
            "tags": {},
            "tags_all": {},
            "timeouts": null,
            "vpc_id": "vpc-0ea713a52aab15994"
          },
          "sensitive_attributes": [],
          "private": "eyJlMmJmYjczMC1lY2FhLTExZTYtOGY4OC0zNDM2M2JjN2M0YzAiOnsiY3JlYXRlIjo2MDAwMDAwMDAwMDAsImRlbGV0ZSI6MTIwMDAwMDAwMDAwMH0sInNjaGVtYV92ZXJzaW9uIjoiMSJ9",
          "dependencies": [
            "module.resources.aws_vpc.gourmet-vpc"
          ]
        }
      ]
    },
    {
      "module": "module.resources",
      "mode": "managed",
      "type": "aws_vpc",
      "name": "gourmet-vpc",
      "provider": "provider[\"registry.terraform.io/hashicorp/aws\"]",
      "instances": [
        {
          "schema_version": 1,
          "attributes": {
            "arn": "arn:aws:ec2:us-east-1:095522516796:vpc/vpc-0ea713a52aab15994",
            "assign_generated_ipv6_cidr_block": false,
            "cidr_block": "10.0.0.0/24",
            "default_network_acl_id": "acl-0c67fb35470ca1e6f",
            "default_route_table_id": "rtb-0d3afadde54e30f1e",
            "default_security_group_id": "sg-0c4bec6586e7120f6",
            "dhcp_options_id": "dopt-0e66f257b3491fede",
            "enable_dns_hostnames": false,
            "enable_dns_support": true,
            "enable_network_address_usage_metrics": false,
            "id": "vpc-0ea713a52aab15994",
            "instance_tenancy": "default",
            "ipv4_ipam_pool_id": null,
            "ipv4_netmask_length": null,
            "ipv6_association_id": "",
            "ipv6_cidr_block": "",
            "ipv6_cidr_block_network_border_group": "",
            "ipv6_ipam_pool_id": "",
            "ipv6_netmask_length": 0,
            "main_route_table_id": "rtb-0d3afadde54e30f1e",
            "owner_id": "095522516796",
            "tags": {
              "Name": "gourmet-vpc"
            },
            "tags_all": {
              "Name": "gourmet-vpc"
            }
          },
          "sensitive_attributes": [],
          "private": "eyJzY2hlbWFfdmVyc2lvbiI6IjEifQ=="
        }
      ]
    }
  ],
  "check_results": null
}
